
Microsoft Visual Studio Solution File, Format Version 12.00
# Visual Studio Version 17
VisualStudioVersion = 17.14.36603.0 d17.14
MinimumVisualStudioVersion = 10.0.40219.1
Project("{8BC9CEB8-8B4A-11D0-8D11-00A0C91BC942}") = "BNS_GameJam_2025", "BNS_GameJam_2025.vcxproj", "{00B89C4D-EA10-4CCA-B342-078506FC69CE}"
EndProject
Global
	GlobalSection(SolutionConfigurationPlatforms) = preSolution
		Debug|x64 = Debug|x64
		Release|x64 = Release|x64
	EndGlobalSection
	GlobalSection(ProjectConfigurationPlatforms) = postSolution
		{00B89C4D-EA10-4CCA-B342-078506FC69CE}.Debug|x64.ActiveCfg = Debug|x64
		{00B89C4D-EA10-4CCA-B342-078506FC69CE}.Debug|x64.Build.0 = Debug|x64
		{00B89C4D-EA10-4CCA-B342-078506FC69CE}.Release|x64.ActiveCfg = Release|x64
		{00B89C4D-EA10-4CCA-B342-078506FC69CE}.Release|x64.Build.0 = Release|x64
	EndGlobalSection
	GlobalSection(SolutionProperties) = preSolution
		HideSolutionNode = FALSE
	EndGlobalSection
	GlobalSection(ExtensibilityGlobals) = postSolution
		SolutionGuid = {7D85EFE2-530E-4E82-8E25-A156998932D0}
	EndGlobalSection
EndGlobal
